<?xml version="1.0" encoding="UTF-8" standalone="yes" ?>
<CodeBlocks_project_file>
   <FileVersion major="1" minor="6" />
   <Project>
      <Option title="stereo_recorder" />
      <Option makefile_is_custom="1" />
      <Option compiler="gcc" />
      <Option virtualFolders="CMake Files\;CMake Files\..\;CMake Files\..\..\;CMake Files\..\..\..\;CMake Files\..\..\..\..\;CMake Files\..\..\..\..\..\;CMake Files\..\..\..\..\..\usr\;CMake Files\..\..\..\..\..\usr\local\;CMake Files\..\..\..\..\..\usr\local\share\;CMake Files\..\..\..\..\..\usr\local\share\OpenCV\;" />
      <Build>
      <Target title="all">
         <Option working_dir="/home/turner/Workspace/RMVIS3/stereo_recorder" />
         <Option type="4" />
         <MakeCommands>
            <Build command="/usr/bin/make -f &quot;/home/turner/Workspace/RMVIS3/stereo_recorder/Makefile&quot;  VERBOSE=1 all" />
            <CompileFile command="/usr/bin/make -f &quot;/home/turner/Workspace/RMVIS3/stereo_recorder/Makefile&quot;  VERBOSE=1 &quot;$file&quot;" />
            <Clean command="/usr/bin/make -f &quot;/home/turner/Workspace/RMVIS3/stereo_recorder/Makefile&quot;  VERBOSE=1 clean" />
            <DistClean command="/usr/bin/make -f &quot;/home/turner/Workspace/RMVIS3/stereo_recorder/Makefile&quot;  VERBOSE=1 clean" />
         </MakeCommands>
      </Target>
      <Target title="rebuild_cache">
         <Option working_dir="/home/turner/Workspace/RMVIS3/stereo_recorder" />
         <Option type="4" />
         <MakeCommands>
            <Build command="/usr/bin/make -f &quot;/home/turner/Workspace/RMVIS3/stereo_recorder/Makefile&quot;  VERBOSE=1 rebuild_cache" />
            <CompileFile command="/usr/bin/make -f &quot;/home/turner/Workspace/RMVIS3/stereo_recorder/Makefile&quot;  VERBOSE=1 &quot;$file&quot;" />
            <Clean command="/usr/bin/make -f &quot;/home/turner/Workspace/RMVIS3/stereo_recorder/Makefile&quot;  VERBOSE=1 clean" />
            <DistClean command="/usr/bin/make -f &quot;/home/turner/Workspace/RMVIS3/stereo_recorder/Makefile&quot;  VERBOSE=1 clean" />
         </MakeCommands>
      </Target>
      <Target title="stereo_recorder">
         <Option output="/home/turner/Workspace/RMVIS3/stereo_recorder/stereo_recorder" prefix_auto="0" extension_auto="0" />
         <Option working_dir="/home/turner/Workspace/RMVIS3/stereo_recorder" />
         <Option object_output="./" />
         <Option type="1" />
         <Option compiler="gcc" />
         <Compiler>
            <Add directory="/usr/local/include" />
            <Add directory="/usr/local/include/opencv" />
         </Compiler>
         <MakeCommands>
            <Build command="/usr/bin/make -f &quot;/home/turner/Workspace/RMVIS3/stereo_recorder/Makefile&quot;  VERBOSE=1 stereo_recorder" />
            <CompileFile command="/usr/bin/make -f &quot;/home/turner/Workspace/RMVIS3/stereo_recorder/Makefile&quot;  VERBOSE=1 &quot;$file&quot;" />
            <Clean command="/usr/bin/make -f &quot;/home/turner/Workspace/RMVIS3/stereo_recorder/Makefile&quot;  VERBOSE=1 clean" />
            <DistClean command="/usr/bin/make -f &quot;/home/turner/Workspace/RMVIS3/stereo_recorder/Makefile&quot;  VERBOSE=1 clean" />
         </MakeCommands>
      </Target>
      <Target title="stereo_recorder/fast">
         <Option output="/home/turner/Workspace/RMVIS3/stereo_recorder/stereo_recorder" prefix_auto="0" extension_auto="0" />
         <Option working_dir="/home/turner/Workspace/RMVIS3/stereo_recorder" />
         <Option object_output="./" />
         <Option type="1" />
         <Option compiler="gcc" />
         <Compiler>
            <Add directory="/usr/local/include" />
            <Add directory="/usr/local/include/opencv" />
         </Compiler>
         <MakeCommands>
            <Build command="/usr/bin/make -f &quot;/home/turner/Workspace/RMVIS3/stereo_recorder/Makefile&quot;  VERBOSE=1 stereo_recorder/fast" />
            <CompileFile command="/usr/bin/make -f &quot;/home/turner/Workspace/RMVIS3/stereo_recorder/Makefile&quot;  VERBOSE=1 &quot;$file&quot;" />
            <Clean command="/usr/bin/make -f &quot;/home/turner/Workspace/RMVIS3/stereo_recorder/Makefile&quot;  VERBOSE=1 clean" />
            <DistClean command="/usr/bin/make -f &quot;/home/turner/Workspace/RMVIS3/stereo_recorder/Makefile&quot;  VERBOSE=1 clean" />
         </MakeCommands>
      </Target>
      </Build>
      <Unit filename="/home/turner/Workspace/RMVIS3/stereo_recorder/stereo_recorder.cpp">
      </Unit>
      <Unit filename="/home/turner/Workspace/RMVIS3/stereo_recorder/CMakeLists.txt">
          <Option virtualFolder="CMake Files\" />
      </Unit>
      <Unit filename="/home/turner/Workspace/RMVIS3/stereo_recorder/../../../../../usr/local/share/OpenCV/OpenCVConfig-version.cmake">
          <Option virtualFolder="CMake Files\..\..\..\..\..\usr\local\share\OpenCV\" />
      </Unit>
      <Unit filename="/home/turner/Workspace/RMVIS3/stereo_recorder/../../../../../usr/local/share/OpenCV/OpenCVConfig.cmake">
          <Option virtualFolder="CMake Files\..\..\..\..\..\usr\local\share\OpenCV\" />
      </Unit>
      <Unit filename="/home/turner/Workspace/RMVIS3/stereo_recorder/../../../../../usr/local/share/OpenCV/OpenCVModules.cmake">
          <Option virtualFolder="CMake Files\..\..\..\..\..\usr\local\share\OpenCV\" />
      </Unit>
      <Unit filename="/home/turner/Workspace/RMVIS3/stereo_recorder/../../../../../usr/local/share/OpenCV/OpenCVModules-release.cmake">
          <Option virtualFolder="CMake Files\..\..\..\..\..\usr\local\share\OpenCV\" />
      </Unit>
   </Project>
</CodeBlocks_project_file>
